
Microsoft Visual Studio Solution File, Format Version 12.00
# Visual Studio Version 17
VisualStudioVersion = 17.0.31919.166
MinimumVisualStudioVersion = 10.0.40219.1
Project("{FAE04EC0-301F-11D3-BF4B-00C04F79EFBC}") = "SyncfusionLicenseKeyGenerator", "SyncfusionLicenseKeyGenerator.csproj", "{3D383900-B06D-47D2-85F0-E5F118555EBD}"
EndProject
Global
	GlobalSection(SolutionConfigurationPlatforms) = preSolution
		Debug|Any CPU = Debug|Any CPU
		Release|Any CPU = Release|Any CPU
	EndGlobalSection
	GlobalSection(ProjectConfigurationPlatforms) = postSolution
		{3D383900-B06D-47D2-85F0-E5F118555EBD}.Debug|Any CPU.ActiveCfg = Debug|Any CPU
		{3D383900-B06D-47D2-85F0-E5F118555EBD}.Debug|Any CPU.Build.0 = Debug|Any CPU
		{3D383900-B06D-47D2-85F0-E5F118555EBD}.Release|Any CPU.ActiveCfg = Release|Any CPU
		{3D383900-B06D-47D2-85F0-E5F118555EBD}.Release|Any CPU.Build.0 = Release|Any CPU
	EndGlobalSection
	GlobalSection(SolutionProperties) = preSolution
		HideSolutionNode = FALSE
	EndGlobalSection
	GlobalSection(ExtensibilityGlobals) = postSolution
		SolutionGuid = {BCAF7651-D824-45F0-AFE2-CC18337829ED}
	EndGlobalSection
EndGlobal
